// !$*UTF8*$!
{
	archiveVersion = 1;
	classes = {
	};
	objectVersion = 46;
	objects = {

/* Begin PBXBuildFile section */
		50E03C424C1C7CDBBC6964B9 /* Pods_Containers_UITests.framework in Frameworks */ = {isa = PBXBuildFile; fileRef = 9F5B32492A91B9DB40444B88 /* Pods_Containers_UITests.framework */; };
		5D09389729EBAC45107A5029 /* Pods_Containers_Tests.framework in Frameworks */ = {isa = PBXBuildFile; fileRef = E661714DABC7757A025D1775 /* Pods_Containers_Tests.framework */; };
		D91244418FAFA02C3EFB65B5 /* Pods_Containers_.framework in Frameworks */ = {isa = PBXBuildFile; fileRef = 3F14B5280E0198DFDBBE21A6 /* Pods_Containers_.framework */; };
		F5D895031D4E7DE800CCB55D /* AppDelegate.swift in Sources */ = {isa = PBXBuildFile; fileRef = F5D895021D4E7DE800CCB55D /* AppDelegate.swift */; };
		F5D895051D4E7DE800CCB55D /* ViewController.swift in Sources */ = {isa = PBXBuildFile; fileRef = F5D895041D4E7DE800CCB55D /* ViewController.swift */; };
		F5D895081D4E7DE800CCB55D /* Main.storyboard in Resources */ = {isa = PBXBuildFile; fileRef = F5D895061D4E7DE800CCB55D /* Main.storyboard */; };
		F5D8950A1D4E7DE900CCB55D /* Assets.xcassets in Resources */ = {isa = PBXBuildFile; fileRef = F5D895091D4E7DE900CCB55D /* Assets.xcassets */; };
		F5D8950D1D4E7DEA00CCB55D /* LaunchScreen.storyboard in Resources */ = {isa = PBXBuildFile; fileRef = F5D8950B1D4E7DEA00CCB55D /* LaunchScreen.storyboard */; };
		F5D895181D4E7DEC00CCB55D /* Containers_Tests.swift in Sources */ = {isa = PBXBuildFile; fileRef = F5D895171D4E7DEC00CCB55D /* Containers_Tests.swift */; };
		F5D895231D4E7DED00CCB55D /* Containers_UITests.swift in Sources */ = {isa = PBXBuildFile; fileRef = F5D895221D4E7DED00CCB55D /* Containers_UITests.swift */; };
		F5D895311D4E7E7200CCB55D /* LoginViewController.swift in Sources */ = {isa = PBXBuildFile; fileRef = F5D895301D4E7E7200CCB55D /* LoginViewController.swift */; };
		F5D895341D4E828F00CCB55D /* UIViewController+Alerts.m in Sources */ = {isa = PBXBuildFile; fileRef = F5D895331D4E828F00CCB55D /* UIViewController+Alerts.m */; };
		F5DF2F1C1D4E8DFA003DBAD5 /* GoogleService-Info.plist in Resources */ = {isa = PBXBuildFile; fileRef = F5DF2F1B1D4E8DFA003DBAD5 /* GoogleService-Info.plist */; };
/* End PBXBuildFile section */

/* Begin PBXContainerItemProxy section */
		F5D895141D4E7DEC00CCB55D /* PBXContainerItemProxy */ = {
			isa = PBXContainerItemProxy;
			containerPortal = F5D894F71D4E7DE800CCB55D /* Project object */;
			proxyType = 1;
			remoteGlobalIDString = F5D894FE1D4E7DE800CCB55D;
			remoteInfo = "Containers+";
		};
		F5D8951F1D4E7DED00CCB55D /* PBXContainerItemProxy */ = {
			isa = PBXContainerItemProxy;
			containerPortal = F5D894F71D4E7DE800CCB55D /* Project object */;
			proxyType = 1;
			remoteGlobalIDString = F5D894FE1D4E7DE800CCB55D;
			remoteInfo = "Containers+";
		};
/* End PBXContainerItemProxy section */

/* Begin PBXFileReference section */
		3BCBC90CF614919616CB5153 /* Pods-Containers+.debug.xcconfig */ = {isa = PBXFileReference; includeInIndex = 1; lastKnownFileType = text.xcconfig; name = "Pods-Containers+.debug.xcconfig"; path = "Pods/Target Support Files/Pods-Containers+/Pods-Containers+.debug.xcconfig"; sourceTree = "<group>"; };
		3F14B5280E0198DFDBBE21A6 /* Pods_Containers_.framework */ = {isa = PBXFileReference; explicitFileType = wrapper.framework; includeInIndex = 0; path = Pods_Containers_.framework; sourceTree = BUILT_PRODUCTS_DIR; };
		47D0459430738B73FFE9B168 /* Pods-Containers+.release.xcconfig */ = {isa = PBXFileReference; includeInIndex = 1; lastKnownFileType = text.xcconfig; name = "Pods-Containers+.release.xcconfig"; path = "Pods/Target Support Files/Pods-Containers+/Pods-Containers+.release.xcconfig"; sourceTree = "<group>"; };
		49CB066F1B0432CAD60527F3 /* Pods-Containers+UITests.release.xcconfig */ = {isa = PBXFileReference; includeInIndex = 1; lastKnownFileType = text.xcconfig; name = "Pods-Containers+UITests.release.xcconfig"; path = "Pods/Target Support Files/Pods-Containers+UITests/Pods-Containers+UITests.release.xcconfig"; sourceTree = "<group>"; };
		5A86A823115A79D2580B2A32 /* Pods-Containers+Tests.release.xcconfig */ = {isa = PBXFileReference; includeInIndex = 1; lastKnownFileType = text.xcconfig; name = "Pods-Containers+Tests.release.xcconfig"; path = "Pods/Target Support Files/Pods-Containers+Tests/Pods-Containers+Tests.release.xcconfig"; sourceTree = "<group>"; };
		6CD12E387D594DD634AE140C /* Pods-Containers+Tests.debug.xcconfig */ = {isa = PBXFileReference; includeInIndex = 1; lastKnownFileType = text.xcconfig; name = "Pods-Containers+Tests.debug.xcconfig"; path = "Pods/Target Support Files/Pods-Containers+Tests/Pods-Containers+Tests.debug.xcconfig"; sourceTree = "<group>"; };
		6F4603F2B3BF89FA1AA7B717 /* Pods-Containers+UITests.debug.xcconfig */ = {isa = PBXFileReference; includeInIndex = 1; lastKnownFileType = text.xcconfig; name = "Pods-Containers+UITests.debug.xcconfig"; path = "Pods/Target Support Files/Pods-Containers+UITests/Pods-Containers+UITests.debug.xcconfig"; sourceTree = "<group>"; };
		9F5B32492A91B9DB40444B88 /* Pods_Containers_UITests.framework */ = {isa = PBXFileReference; explicitFileType = wrapper.framework; includeInIndex = 0; path = Pods_Containers_UITests.framework; sourceTree = BUILT_PRODUCTS_DIR; };
		E661714DABC7757A025D1775 /* Pods_Containers_Tests.framework */ = {isa = PBXFileReference; explicitFileType = wrapper.framework; includeInIndex = 0; path = Pods_Containers_Tests.framework; sourceTree = BUILT_PRODUCTS_DIR; };
		F5D894FF1D4E7DE800CCB55D /* Containers+.app */ = {isa = PBXFileReference; explicitFileType = wrapper.application; includeInIndex = 0; path = "Containers+.app"; sourceTree = BUILT_PRODUCTS_DIR; };
		F5D895021D4E7DE800CCB55D /* AppDelegate.swift */ = {isa = PBXFileReference; lastKnownFileType = sourcecode.swift; path = AppDelegate.swift; sourceTree = "<group>"; };
		F5D895041D4E7DE800CCB55D /* ViewController.swift */ = {isa = PBXFileReference; lastKnownFileType = sourcecode.swift; path = ViewController.swift; sourceTree = "<group>"; };
		F5D895071D4E7DE800CCB55D /* Base */ = {isa = PBXFileReference; lastKnownFileType = file.storyboard; name = Base; path = Base.lproj/Main.storyboard; sourceTree = "<group>"; };
		F5D895091D4E7DE900CCB55D /* Assets.xcassets */ = {isa = PBXFileReference; lastKnownFileType = folder.assetcatalog; path = Assets.xcassets; sourceTree = "<group>"; };
		F5D8950C1D4E7DEA00CCB55D /* Base */ = {isa = PBXFileReference; lastKnownFileType = file.storyboard; name = Base; path = Base.lproj/LaunchScreen.storyboard; sourceTree = "<group>"; };
		F5D8950E1D4E7DEB00CCB55D /* Info.plist */ = {isa = PBXFileReference; lastKnownFileType = text.plist.xml; path = Info.plist; sourceTree = "<group>"; };
		F5D895131D4E7DEC00CCB55D /* Containers+Tests.xctest */ = {isa = PBXFileReference; explicitFileType = wrapper.cfbundle; includeInIndex = 0; path = "Containers+Tests.xctest"; sourceTree = BUILT_PRODUCTS_DIR; };
		F5D895171D4E7DEC00CCB55D /* Containers_Tests.swift */ = {isa = PBXFileReference; lastKnownFileType = sourcecode.swift; path = Containers_Tests.swift; sourceTree = "<group>"; };
		F5D895191D4E7DEC00CCB55D /* Info.plist */ = {isa = PBXFileReference; lastKnownFileType = text.plist.xml; path = Info.plist; sourceTree = "<group>"; };
		F5D8951E1D4E7DED00CCB55D /* Containers+UITests.xctest */ = {isa = PBXFileReference; explicitFileType = wrapper.cfbundle; includeInIndex = 0; path = "Containers+UITests.xctest"; sourceTree = BUILT_PRODUCTS_DIR; };
		F5D895221D4E7DED00CCB55D /* Containers_UITests.swift */ = {isa = PBXFileReference; lastKnownFileType = sourcecode.swift; path = Containers_UITests.swift; sourceTree = "<group>"; };
		F5D895241D4E7DED00CCB55D /* Info.plist */ = {isa = PBXFileReference; lastKnownFileType = text.plist.xml; path = Info.plist; sourceTree = "<group>"; };
		F5D895301D4E7E7200CCB55D /* LoginViewController.swift */ = {isa = PBXFileReference; fileEncoding = 4; lastKnownFileType = sourcecode.swift; name = LoginViewController.swift; path = ../LoginViewController.swift; sourceTree = "<group>"; };
		F5D895321D4E828F00CCB55D /* UIViewController+Alerts.h */ = {isa = PBXFileReference; fileEncoding = 4; lastKnownFileType = sourcecode.c.h; path = "UIViewController+Alerts.h"; sourceTree = "<group>"; };
		F5D895331D4E828F00CCB55D /* UIViewController+Alerts.m */ = {isa = PBXFileReference; fileEncoding = 4; lastKnownFileType = sourcecode.c.objc; path = "UIViewController+Alerts.m"; sourceTree = "<group>"; };
		F5D895351D4E833C00CCB55D /* Containers+-Bridging-Header.h */ = {isa = PBXFileReference; lastKnownFileType = sourcecode.c.h; path = "Containers+-Bridging-Header.h"; sourceTree = "<group>"; };
		F5DF2F1B1D4E8DFA003DBAD5 /* GoogleService-Info.plist */ = {isa = PBXFileReference; fileEncoding = 4; lastKnownFileType = text.plist.xml; path = "GoogleService-Info.plist"; sourceTree = "<group>"; };
/* End PBXFileReference section */

/* Begin PBXFrameworksBuildPhase section */
		F5D894FC1D4E7DE800CCB55D /* Frameworks */ = {
			isa = PBXFrameworksBuildPhase;
			buildActionMask = 2147483647;
			files = (
				D91244418FAFA02C3EFB65B5 /* Pods_Containers_.framework in Frameworks */,
			);
			runOnlyForDeploymentPostprocessing = 0;
		};
		F5D895101D4E7DEC00CCB55D /* Frameworks */ = {
			isa = PBXFrameworksBuildPhase;
			buildActionMask = 2147483647;
			files = (
				5D09389729EBAC45107A5029 /* Pods_Containers_Tests.framework in Frameworks */,
			);
			runOnlyForDeploymentPostprocessing = 0;
		};
		F5D8951B1D4E7DED00CCB55D /* Frameworks */ = {
			isa = PBXFrameworksBuildPhase;
			buildActionMask = 2147483647;
			files = (
				50E03C424C1C7CDBBC6964B9 /* Pods_Containers_UITests.framework in Frameworks */,
			);
			runOnlyForDeploymentPostprocessing = 0;
		};
/* End PBXFrameworksBuildPhase section */

/* Begin PBXGroup section */
		34848D408AC1A583712AB1FA /* Pods */ = {
			isa = PBXGroup;
			children = (
				3BCBC90CF614919616CB5153 /* Pods-Containers+.debug.xcconfig */,
				47D0459430738B73FFE9B168 /* Pods-Containers+.release.xcconfig */,
				6CD12E387D594DD634AE140C /* Pods-Containers+Tests.debug.xcconfig */,
				5A86A823115A79D2580B2A32 /* Pods-Containers+Tests.release.xcconfig */,
				6F4603F2B3BF89FA1AA7B717 /* Pods-Containers+UITests.debug.xcconfig */,
				49CB066F1B0432CAD60527F3 /* Pods-Containers+UITests.release.xcconfig */,
			);
			name = Pods;
			sourceTree = "<group>";
		};
		F5D894F61D4E7DE800CCB55D = {
			isa = PBXGroup;
			children = (
				F5D895011D4E7DE800CCB55D /* Containers+ */,
				F5D895161D4E7DEC00CCB55D /* Containers+Tests */,
				F5D895211D4E7DED00CCB55D /* Containers+UITests */,
				F5D895001D4E7DE800CCB55D /* Products */,
				34848D408AC1A583712AB1FA /* Pods */,
				FD6801084D164F2D5BB62415 /* Frameworks */,
			);
			sourceTree = "<group>";
		};
		F5D895001D4E7DE800CCB55D /* Products */ = {
			isa = PBXGroup;
			children = (
				F5D894FF1D4E7DE800CCB55D /* Containers+.app */,
				F5D895131D4E7DEC00CCB55D /* Containers+Tests.xctest */,
				F5D8951E1D4E7DED00CCB55D /* Containers+UITests.xctest */,
			);
			name = Products;
			sourceTree = "<group>";
		};
		F5D895011D4E7DE800CCB55D /* Containers+ */ = {
			isa = PBXGroup;
			children = (
				F5D895351D4E833C00CCB55D /* Containers+-Bridging-Header.h */,
				F5D895321D4E828F00CCB55D /* UIViewController+Alerts.h */,
				F5D895331D4E828F00CCB55D /* UIViewController+Alerts.m */,
				F5D895301D4E7E7200CCB55D /* LoginViewController.swift */,
				F5D895021D4E7DE800CCB55D /* AppDelegate.swift */,
				F5D895041D4E7DE800CCB55D /* ViewController.swift */,
				F5D895061D4E7DE800CCB55D /* Main.storyboard */,
				F5D895091D4E7DE900CCB55D /* Assets.xcassets */,
				F5D8950B1D4E7DEA00CCB55D /* LaunchScreen.storyboard */,
				F5D8950E1D4E7DEB00CCB55D /* Info.plist */,
				F5DF2F1B1D4E8DFA003DBAD5 /* GoogleService-Info.plist */,
			);
			path = "Containers+";
			sourceTree = "<group>";
		};
		F5D895161D4E7DEC00CCB55D /* Containers+Tests */ = {
			isa = PBXGroup;
			children = (
				F5D895171D4E7DEC00CCB55D /* Containers_Tests.swift */,
				F5D895191D4E7DEC00CCB55D /* Info.plist */,
			);
			path = "Containers+Tests";
			sourceTree = "<group>";
		};
		F5D895211D4E7DED00CCB55D /* Containers+UITests */ = {
			isa = PBXGroup;
			children = (
				F5D895221D4E7DED00CCB55D /* Containers_UITests.swift */,
				F5D895241D4E7DED00CCB55D /* Info.plist */,
			);
			path = "Containers+UITests";
			sourceTree = "<group>";
		};
		FD6801084D164F2D5BB62415 /* Frameworks */ = {
			isa = PBXGroup;
			children = (
				3F14B5280E0198DFDBBE21A6 /* Pods_Containers_.framework */,
				E661714DABC7757A025D1775 /* Pods_Containers_Tests.framework */,
				9F5B32492A91B9DB40444B88 /* Pods_Containers_UITests.framework */,
			);
			name = Frameworks;
			sourceTree = "<group>";
		};
/* End PBXGroup section */

/* Begin PBXNativeTarget section */
		F5D894FE1D4E7DE800CCB55D /* Containers+ */ = {
			isa = PBXNativeTarget;
			buildConfigurationList = F5D895271D4E7DED00CCB55D /* Build configuration list for PBXNativeTarget "Containers+" */;
			buildPhases = (
				F73B8CA1391645ED9BA74172 /* 📦 Check Pods Manifest.lock */,
				F5D894FB1D4E7DE800CCB55D /* Sources */,
				F5D894FC1D4E7DE800CCB55D /* Frameworks */,
				F5D894FD1D4E7DE800CCB55D /* Resources */,
				7A7A14AB1DEE08F56F75C8CE /* 📦 Embed Pods Frameworks */,
				BE4E8EC867829253E38E210A /* 📦 Copy Pods Resources */,
			);
			buildRules = (
			);
			dependencies = (
			);
			name = "Containers+";
			productName = "Containers+";
			productReference = F5D894FF1D4E7DE800CCB55D /* Containers+.app */;
			productType = "com.apple.product-type.application";
		};
		F5D895121D4E7DEC00CCB55D /* Containers+Tests */ = {
			isa = PBXNativeTarget;
			buildConfigurationList = F5D8952A1D4E7DED00CCB55D /* Build configuration list for PBXNativeTarget "Containers+Tests" */;
			buildPhases = (
				B29C4BD9FDB5790487FB5D35 /* 📦 Check Pods Manifest.lock */,
				F5D8950F1D4E7DEC00CCB55D /* Sources */,
				F5D895101D4E7DEC00CCB55D /* Frameworks */,
				F5D895111D4E7DEC00CCB55D /* Resources */,
				D3E81E67191183E52C50E8C8 /* 📦 Embed Pods Frameworks */,
				43BBAC4F4FB4FD78CE1A3B29 /* 📦 Copy Pods Resources */,
			);
			buildRules = (
			);
			dependencies = (
				F5D895151D4E7DEC00CCB55D /* PBXTargetDependency */,
			);
			name = "Containers+Tests";
			productName = "Containers+Tests";
			productReference = F5D895131D4E7DEC00CCB55D /* Containers+Tests.xctest */;
			productType = "com.apple.product-type.bundle.unit-test";
		};
		F5D8951D1D4E7DED00CCB55D /* Containers+UITests */ = {
			isa = PBXNativeTarget;
			buildConfigurationList = F5D8952D1D4E7DED00CCB55D /* Build configuration list for PBXNativeTarget "Containers+UITests" */;
			buildPhases = (
				41B3B7D2F931CBB32DED5396 /* 📦 Check Pods Manifest.lock */,
				F5D8951A1D4E7DED00CCB55D /* Sources */,
				F5D8951B1D4E7DED00CCB55D /* Frameworks */,
				F5D8951C1D4E7DED00CCB55D /* Resources */,
				C0AEC68267F832F1E391E755 /* 📦 Copy Pods Resources */,
			);
			buildRules = (
			);
			dependencies = (
				F5D895201D4E7DED00CCB55D /* PBXTargetDependency */,
			);
			name = "Containers+UITests";
			productName = "Containers+UITests";
			productReference = F5D8951E1D4E7DED00CCB55D /* Containers+UITests.xctest */;
			productType = "com.apple.product-type.bundle.ui-testing";
		};
/* End PBXNativeTarget section */

/* Begin PBXProject section */
		F5D894F71D4E7DE800CCB55D /* Project object */ = {
			isa = PBXProject;
			attributes = {
				LastSwiftUpdateCheck = 0730;
				LastUpgradeCheck = 0730;
				ORGANIZATIONNAME = "Thomas Bloss";
				TargetAttributes = {
					F5D894FE1D4E7DE800CCB55D = {
						CreatedOnToolsVersion = 7.3.1;
					};
					F5D895121D4E7DEC00CCB55D = {
						CreatedOnToolsVersion = 7.3.1;
						TestTargetID = F5D894FE1D4E7DE800CCB55D;
					};
					F5D8951D1D4E7DED00CCB55D = {
						CreatedOnToolsVersion = 7.3.1;
						TestTargetID = F5D894FE1D4E7DE800CCB55D;
					};
				};
			};
			buildConfigurationList = F5D894FA1D4E7DE800CCB55D /* Build configuration list for PBXProject "Containers+" */;
			compatibilityVersion = "Xcode 3.2";
			developmentRegion = English;
			hasScannedForEncodings = 0;
			knownRegions = (
				en,
				Base,
			);
			mainGroup = F5D894F61D4E7DE800CCB55D;
			productRefGroup = F5D895001D4E7DE800CCB55D /* Products */;
			projectDirPath = "";
			projectRoot = "";
			targets = (
				F5D894FE1D4E7DE800CCB55D /* Containers+ */,
				F5D895121D4E7DEC00CCB55D /* Containers+Tests */,
				F5D8951D1D4E7DED00CCB55D /* Containers+UITests */,
			);
		};
/* End PBXProject section */

/* Begin PBXResourcesBuildPhase section */
		F5D894FD1D4E7DE800CCB55D /* Resources */ = {
			isa = PBXResourcesBuildPhase;
			buildActionMask = 2147483647;
			files = (
				F5D8950D1D4E7DEA00CCB55D /* LaunchScreen.storyboard in Resources */,
				F5D8950A1D4E7DE900CCB55D /* Assets.xcassets in Resources */,
				F5DF2F1C1D4E8DFA003DBAD5 /* GoogleService-Info.plist in Resources */,
				F5D895081D4E7DE800CCB55D /* Main.storyboard in Resources */,
			);
			runOnlyForDeploymentPostprocessing = 0;
		};
		F5D895111D4E7DEC00CCB55D /* Resources */ = {
			isa = PBXResourcesBuildPhase;
			buildActionMask = 2147483647;
			files = (
			);
			runOnlyForDeploymentPostprocessing = 0;
		};
		F5D8951C1D4E7DED00CCB55D /* Resources */ = {
			isa = PBXResourcesBuildPhase;
			buildActionMask = 2147483647;
			files = (
			);
			runOnlyForDeploymentPostprocessing = 0;
		};
/* End PBXResourcesBuildPhase section */

/* Begin PBXShellScriptBuildPhase section */
		41B3B7D2F931CBB32DED5396 /* 📦 Check Pods Manifest.lock */ = {
			isa = PBXShellScriptBuildPhase;
			buildActionMask = 2147483647;
			files = (
			);
			inputPaths = (
			);
			name = "📦 Check Pods Manifest.lock";
			outputPaths = (
			);
			runOnlyForDeploymentPostprocessing = 0;
			shellPath = /bin/sh;
			shellScript = "diff \"${PODS_ROOT}/../Podfile.lock\" \"${PODS_ROOT}/Manifest.lock\" > /dev/null\nif [[ $? != 0 ]] ; then\n    cat << EOM\nerror: The sandbox is not in sync with the Podfile.lock. Run 'pod install' or update your CocoaPods installation.\nEOM\n    exit 1\nfi\n";
			showEnvVarsInLog = 0;
		};
		43BBAC4F4FB4FD78CE1A3B29 /* 📦 Copy Pods Resources */ = {
			isa = PBXShellScriptBuildPhase;
			buildActionMask = 2147483647;
			files = (
			);
			inputPaths = (
			);
			name = "📦 Copy Pods Resources";
			outputPaths = (
			);
			runOnlyForDeploymentPostprocessing = 0;
			shellPath = /bin/sh;
			shellScript = "\"${SRCROOT}/Pods/Target Support Files/Pods-Containers+Tests/Pods-Containers+Tests-resources.sh\"\n";
			showEnvVarsInLog = 0;
		};
		7A7A14AB1DEE08F56F75C8CE /* 📦 Embed Pods Frameworks */ = {
			isa = PBXShellScriptBuildPhase;
			buildActionMask = 2147483647;
			files = (
			);
			inputPaths = (
			);
			name = "📦 Embed Pods Frameworks";
			outputPaths = (
			);
			runOnlyForDeploymentPostprocessing = 0;
			shellPath = /bin/sh;
			shellScript = "\"${SRCROOT}/Pods/Target Support Files/Pods-Containers+/Pods-Containers+-frameworks.sh\"\n";
			showEnvVarsInLog = 0;
		};
		B29C4BD9FDB5790487FB5D35 /* 📦 Check Pods Manifest.lock */ = {
			isa = PBXShellScriptBuildPhase;
			buildActionMask = 2147483647;
			files = (
			);
			inputPaths = (
			);
			name = "📦 Check Pods Manifest.lock";
			outputPaths = (
			);
			runOnlyForDeploymentPostprocessing = 0;
			shellPath = /bin/sh;
			shellScript = "diff \"${PODS_ROOT}/../Podfile.lock\" \"${PODS_ROOT}/Manifest.lock\" > /dev/null\nif [[ $? != 0 ]] ; then\n    cat << EOM\nerror: The sandbox is not in sync with the Podfile.lock. Run 'pod install' or update your CocoaPods installation.\nEOM\n    exit 1\nfi\n";
			showEnvVarsInLog = 0;
		};
		BE4E8EC867829253E38E210A /* 📦 Copy Pods Resources */ = {
			isa = PBXShellScriptBuildPhase;
			buildActionMask = 2147483647;
			files = (
			);
			inputPaths = (
			);
			name = "📦 Copy Pods Resources";
			outputPaths = (
			);
			runOnlyForDeploymentPostprocessing = 0;
			shellPath = /bin/sh;
			shellScript = "\"${SRCROOT}/Pods/Target Support Files/Pods-Containers+/Pods-Containers+-resources.sh\"\n";
			showEnvVarsInLog = 0;
		};
		C0AEC68267F832F1E391E755 /* 📦 Copy Pods Resources */ = {
			isa = PBXShellScriptBuildPhase;
			buildActionMask = 2147483647;
			files = (
			);
			inputPaths = (
			);
			name = "📦 Copy Pods Resources";
			outputPaths = (
			);
			runOnlyForDeploymentPostprocessing = 0;
			shellPath = /bin/sh;
			shellScript = "\"${SRCROOT}/Pods/Target Support Files/Pods-Containers+UITests/Pods-Containers+UITests-resources.sh\"\n";
			showEnvVarsInLog = 0;
		};
		D3E81E67191183E52C50E8C8 /* 📦 Embed Pods Frameworks */ = {
			isa = PBXShellScriptBuildPhase;
			buildActionMask = 2147483647;
			files = (
			);
			inputPaths = (
			);
			name = "📦 Embed Pods Frameworks";
			outputPaths = (
			);
			runOnlyForDeploymentPostprocessing = 0;
			shellPath = /bin/sh;
			shellScript = "\"${SRCROOT}/Pods/Target Support Files/Pods-Containers+Tests/Pods-Containers+Tests-frameworks.sh\"\n";
			showEnvVarsInLog = 0;
		};
		F73B8CA1391645ED9BA74172 /* 📦 Check Pods Manifest.lock */ = {
			isa = PBXShellScriptBuildPhase;
			buildActionMask = 2147483647;
			files = (
			);
			inputPaths = (
			);
			name = "📦 Check Pods Manifest.lock";
			outputPaths = (
			);
			runOnlyForDeploymentPostprocessing = 0;
			shellPath = /bin/sh;
			shellScript = "diff \"${PODS_ROOT}/../Podfile.lock\" \"${PODS_ROOT}/Manifest.lock\" > /dev/null\nif [[ $? != 0 ]] ; then\n    cat << EOM\nerror: The sandbox is not in sync with the Podfile.lock. Run 'pod install' or update your CocoaPods installation.\nEOM\n    exit 1\nfi\n";
			showEnvVarsInLog = 0;
		};
/* End PBXShellScriptBuildPhase section */

/* Begin PBXSourcesBuildPhase section */
		F5D894FB1D4E7DE800CCB55D /* Sources */ = {
			isa = PBXSourcesBuildPhase;
			buildActionMask = 2147483647;
			files = (
				F5D895311D4E7E7200CCB55D /* LoginViewController.swift in Sources */,
				F5D895051D4E7DE800CCB55D /* ViewController.swift in Sources */,
				F5D895031D4E7DE800CCB55D /* AppDelegate.swift in Sources */,
				F5D895341D4E828F00CCB55D /* UIViewController+Alerts.m in Sources */,
			);
			runOnlyForDeploymentPostprocessing = 0;
		};
		F5D8950F1D4E7DEC00CCB55D /* Sources */ = {
			isa = PBXSourcesBuildPhase;
			buildActionMask = 2147483647;
			files = (
				F5D895181D4E7DEC00CCB55D /* Containers_Tests.swift in Sources */,
			);
			runOnlyForDeploymentPostprocessing = 0;
		};
		F5D8951A1D4E7DED00CCB55D /* Sources */ = {
			isa = PBXSourcesBuildPhase;
			buildActionMask = 2147483647;
			files = (
				F5D895231D4E7DED00CCB55D /* Containers_UITests.swift in Sources */,
			);
			runOnlyForDeploymentPostprocessing = 0;
		};
/* End PBXSourcesBuildPhase section */

/* Begin PBXTargetDependency section */
		F5D895151D4E7DEC00CCB55D /* PBXTargetDependency */ = {
			isa = PBXTargetDependency;
			target = F5D894FE1D4E7DE800CCB55D /* Containers+ */;
			targetProxy = F5D895141D4E7DEC00CCB55D /* PBXContainerItemProxy */;
		};
		F5D895201D4E7DED00CCB55D /* PBXTargetDependency */ = {
			isa = PBXTargetDependency;
			target = F5D894FE1D4E7DE800CCB55D /* Containers+ */;
			targetProxy = F5D8951F1D4E7DED00CCB55D /* PBXContainerItemProxy */;
		};
/* End PBXTargetDependency section */

/* Begin PBXVariantGroup section */
		F5D895061D4E7DE800CCB55D /* Main.storyboard */ = {
			isa = PBXVariantGroup;
			children = (
				F5D895071D4E7DE800CCB55D /* Base */,
			);
			name = Main.storyboard;
			sourceTree = "<group>";
		};
		F5D8950B1D4E7DEA00CCB55D /* LaunchScreen.storyboard */ = {
			isa = PBXVariantGroup;
			children = (
				F5D8950C1D4E7DEA00CCB55D /* Base */,
			);
			name = LaunchScreen.storyboard;
			sourceTree = "<group>";
		};
/* End PBXVariantGroup section */

/* Begin XCBuildConfiguration section */
		F5D895251D4E7DED00CCB55D /* Debug */ = {
			isa = XCBuildConfiguration;
			buildSettings = {
				ALWAYS_SEARCH_USER_PATHS = NO;
				CLANG_ANALYZER_NONNULL = YES;
				CLANG_CXX_LANGUAGE_STANDARD = "gnu++0x";
				CLANG_CXX_LIBRARY = "libc++";
				CLANG_ENABLE_MODULES = YES;
				CLANG_ENABLE_OBJC_ARC = YES;
				CLANG_WARN_BOOL_CONVERSION = YES;
				CLANG_WARN_CONSTANT_CONVERSION = YES;
				CLANG_WARN_DIRECT_OBJC_ISA_USAGE = YES_ERROR;
				CLANG_WARN_EMPTY_BODY = YES;
				CLANG_WARN_ENUM_CONVERSION = YES;
				CLANG_WARN_INT_CONVERSION = YES;
				CLANG_WARN_OBJC_ROOT_CLASS = YES_ERROR;
				CLANG_WARN_UNREACHABLE_CODE = YES;
				CLANG_WARN__DUPLICATE_METHOD_MATCH = YES;
				"CODE_SIGN_IDENTITY[sdk=iphoneos*]" = "iPhone Developer";
				COPY_PHASE_STRIP = NO;
				DEBUG_INFORMATION_FORMAT = dwarf;
				ENABLE_STRICT_OBJC_MSGSEND = YES;
				ENABLE_TESTABILITY = YES;
				GCC_C_LANGUAGE_STANDARD = gnu99;
				GCC_DYNAMIC_NO_PIC = NO;
				GCC_NO_COMMON_BLOCKS = YES;
				GCC_OPTIMIZATION_LEVEL = 0;
				GCC_PREPROCESSOR_DEFINITIONS = (
					"DEBUG=1",
					"$(inherited)",
				);
				GCC_WARN_64_TO_32_BIT_CONVERSION = YES;
				GCC_WARN_ABOUT_RETURN_TYPE = YES_ERROR;
				GCC_WARN_UNDECLARED_SELECTOR = YES;
				GCC_WARN_UNINITIALIZED_AUTOS = YES_AGGRESSIVE;
				GCC_WARN_UNUSED_FUNCTION = YES;
				GCC_WARN_UNUSED_VARIABLE = YES;
				IPHONEOS_DEPLOYMENT_TARGET = 9.3;
				MTL_ENABLE_DEBUG_INFO = YES;
				ONLY_ACTIVE_ARCH = YES;
				SDKROOT = iphoneos;
				SWIFT_OPTIMIZATION_LEVEL = "-Onone";
				TARGETED_DEVICE_FAMILY = "1,2";
			};
			name = Debug;
		};
		F5D895261D4E7DED00CCB55D /* Release */ = {
			isa = XCBuildConfiguration;
			buildSettings = {
				ALWAYS_SEARCH_USER_PATHS = NO;
				CLANG_ANALYZER_NONNULL = YES;
				CLANG_CXX_LANGUAGE_STANDARD = "gnu++0x";
				CLANG_CXX_LIBRARY = "libc++";
				CLANG_ENABLE_MODULES = YES;
				CLANG_ENABLE_OBJC_ARC = YES;
				CLANG_WARN_BOOL_CONVERSION = YES;
				CLANG_WARN_CONSTANT_CONVERSION = YES;
				CLANG_WARN_DIRECT_OBJC_ISA_USAGE = YES_ERROR;
				CLANG_WARN_EMPTY_BODY = YES;
				CLANG_WARN_ENUM_CONVERSION = YES;
				CLANG_WARN_INT_CONVERSION = YES;
				CLANG_WARN_OBJC_ROOT_CLASS = YES_ERROR;
				CLANG_WARN_UNREACHABLE_CODE = YES;
				CLANG_WARN__DUPLICATE_METHOD_MATCH = YES;
				"CODE_SIGN_IDENTITY[sdk=iphoneos*]" = "iPhone Developer";
				COPY_PHASE_STRIP = NO;
				DEBUG_INFORMATION_FORMAT = "dwarf-with-dsym";
				ENABLE_NS_ASSERTIONS = NO;
				ENABLE_STRICT_OBJC_MSGSEND = YES;
				GCC_C_LANGUAGE_STANDARD = gnu99;
				GCC_NO_COMMON_BLOCKS = YES;
				GCC_WARN_64_TO_32_BIT_CONVERSION = YES;
				GCC_WARN_ABOUT_RETURN_TYPE = YES_ERROR;
				GCC_WARN_UNDECLARED_SELECTOR = YES;
				GCC_WARN_UNINITIALIZED_AUTOS = YES_AGGRESSIVE;
				GCC_WARN_UNUSED_FUNCTION = YES;
				GCC_WARN_UNUSED_VARIABLE = YES;
				IPHONEOS_DEPLOYMENT_TARGET = 9.3;
				MTL_ENABLE_DEBUG_INFO = NO;
				SDKROOT = iphoneos;
				TARGETED_DEVICE_FAMILY = "1,2";
				VALIDATE_PRODUCT = YES;
			};
			name = Release;
		};
		F5D895281D4E7DED00CCB55D /* Debug */ = {
			isa = XCBuildConfiguration;
			baseConfigurationReference = 3BCBC90CF614919616CB5153 /* Pods-Containers+.debug.xcconfig */;
			buildSettings = {
				ASSETCATALOG_COMPILER_APPICON_NAME = AppIcon;
				INFOPLIST_FILE = "Containers+/Info.plist";
				LD_RUNPATH_SEARCH_PATHS = "$(inherited) @executable_path/Frameworks";
				PRODUCT_BUNDLE_IDENTIFIER = "Brandywine-Software.Containers-";
				PRODUCT_NAME = "$(TARGET_NAME)";
				SWIFT_OBJC_BRIDGING_HEADER = "Containers+/Containers+-Bridging-Header.h";
				SWIFT_OBJC_INTERFACE_HEADER_NAME = "Containers+/Containers+-Bridging-Header.h";
			};
			name = Debug;
		};
		F5D895291D4E7DED00CCB55D /* Release */ = {
			isa = XCBuildConfiguration;
			baseConfigurationReference = 47D0459430738B73FFE9B168 /* Pods-Containers+.release.xcconfig */;
			buildSettings = {
				ASSETCATALOG_COMPILER_APPICON_NAME = AppIcon;
				INFOPLIST_FILE = "Containers+/Info.plist";
				LD_RUNPATH_SEARCH_PATHS = "$(inherited) @executable_path/Frameworks";
				PRODUCT_BUNDLE_IDENTIFIER = "Brandywine-Software.Containers-";
				PRODUCT_NAME = "$(TARGET_NAME)";
				SWIFT_OBJC_BRIDGING_HEADER = "Containers+/Containers+-Bridging-Header.h";
				SWIFT_OBJC_INTERFACE_HEADER_NAME = "Containers+/Containers+-Bridging-Header.h";
			};
			name = Release;
		};
		F5D8952B1D4E7DED00CCB55D /* Debug */ = {
			isa = XCBuildConfiguration;
			baseConfigurationReference = 6CD12E387D594DD634AE140C /* Pods-Containers+Tests.debug.xcconfig */;
			buildSettings = {
				BUNDLE_LOADER = "$(TEST_HOST)";
				INFOPLIST_FILE = "Containers+Tests/Info.plist";
				LD_RUNPATH_SEARCH_PATHS = "$(inherited) @executable_path/Frameworks @loader_path/Frameworks";
				PRODUCT_BUNDLE_IDENTIFIER = "Brandywine-Software.Containers-Tests";
				PRODUCT_NAME = "$(TARGET_NAME)";
				TEST_HOST = "$(BUILT_PRODUCTS_DIR)/Containers+.app/Containers+";
			};
			name = Debug;
		};
		F5D8952C1D4E7DED00CCB55D /* Release */ = {
			isa = XCBuildConfiguration;
			baseConfigurationReference = 5A86A823115A79D2580B2A32 /* Pods-Containers+Tests.release.xcconfig */;
			buildSettings = {
				BUNDLE_LOADER = "$(TEST_HOST)";
				INFOPLIST_FILE = "Containers+Tests/Info.plist";
				LD_RUNPATH_SEARCH_PATHS = "$(inherited) @executable_path/Frameworks @loader_path/Frameworks";
				PRODUCT_BUNDLE_IDENTIFIER = "Brandywine-Software.Containers-Tests";
				PRODUCT_NAME = "$(TARGET_NAME)";
				TEST_HOST = "$(BUILT_PRODUCTS_DIR)/Containers+.app/Containers+";
			};
			name = Release;
		};
		F5D8952E1D4E7DED00CCB55D /* Debug */ = {
			isa = XCBuildConfiguration;
			baseConfigurationReference = 6F4603F2B3BF89FA1AA7B717 /* Pods-Containers+UITests.debug.xcconfig */;
			buildSettings = {
				INFOPLIST_FILE = "Containers+UITests/Info.plist";
				LD_RUNPATH_SEARCH_PATHS = "$(inherited) @executable_path/Frameworks @loader_path/Frameworks";
				PRODUCT_BUNDLE_IDENTIFIER = "Brandywine-Software.Containers-UITests";
				PRODUCT_NAME = "$(TARGET_NAME)";
				TEST_TARGET_NAME = "Containers+";
			};
			name = Debug;
		};
		F5D8952F1D4E7DED00CCB55D /* Release */ = {
			isa = XCBuildConfiguration;
			baseConfigurationReference = 49CB066F1B0432CAD60527F3 /* Pods-Containers+UITests.release.xcconfig */;
			buildSettings = {
				INFOPLIST_FILE = "Containers+UITests/Info.plist";
				LD_RUNPATH_SEARCH_PATHS = "$(inherited) @executable_path/Frameworks @loader_path/Frameworks";
				PRODUCT_BUNDLE_IDENTIFIER = "Brandywine-Software.Containers-UITests";
				PRODUCT_NAME = "$(TARGET_NAME)";
				TEST_TARGET_NAME = "Containers+";
			};
			name = Release;
		};
/* End XCBuildConfiguration section */

/* Begin XCConfigurationList section */
		F5D894FA1D4E7DE800CCB55D /* Build configuration list for PBXProject "Containers+" */ = {
			isa = XCConfigurationList;
			buildConfigurations = (
				F5D895251D4E7DED00CCB55D /* Debug */,
				F5D895261D4E7DED00CCB55D /* Release */,
			);
			defaultConfigurationIsVisible = 0;
			defaultConfigurationName = Release;
		};
		F5D895271D4E7DED00CCB55D /* Build configuration list for PBXNativeTarget "Containers+" */ = {
			isa = XCConfigurationList;
			buildConfigurations = (
				F5D895281D4E7DED00CCB55D /* Debug */,
				F5D895291D4E7DED00CCB55D /* Release */,
			);
			defaultConfigurationIsVisible = 0;
			defaultConfigurationName = Release;
		};
		F5D8952A1D4E7DED00CCB55D /* Build configuration list for PBXNativeTarget "Containers+Tests" */ = {
			isa = XCConfigurationList;
			buildConfigurations = (
				F5D8952B1D4E7DED00CCB55D /* Debug */,
				F5D8952C1D4E7DED00CCB55D /* Release */,
			);
			defaultConfigurationIsVisible = 0;
			defaultConfigurationName = Release;
		};
		F5D8952D1D4E7DED00CCB55D /* Build configuration list for PBXNativeTarget "Containers+UITests" */ = {
			isa = XCConfigurationList;
			buildConfigurations = (
				F5D8952E1D4E7DED00CCB55D /* Debug */,
				F5D8952F1D4E7DED00CCB55D /* Release */,
			);
			defaultConfigurationIsVisible = 0;
			defaultConfigurationName = Release;
		};
/* End XCConfigurationList section */
	};
	rootObject = F5D894F71D4E7DE800CCB55D /* Project object */;
}
